
Microsoft Visual Studio Solution File, Format Version 12.00
# Visual Studio Version 17
VisualStudioVersion = 17.0.31903.59
MinimumVisualStudioVersion = 10.0.40219.1
Project("{FAE04EC0-301F-11D3-BF4B-00C04F79EFBC}") = "api_adois", "api_adois\api_adois.csproj", "{00AD9732-44AD-4C1D-BA5F-B8FEB957A35A}"
EndProject
Global
	GlobalSection(SolutionConfigurationPlatforms) = preSolution
		Debug|Any CPU = Debug|Any CPU
		Release|Any CPU = Release|Any CPU
	EndGlobalSection
	GlobalSection(SolutionProperties) = preSolution
		HideSolutionNode = FALSE
	EndGlobalSection
	GlobalSection(ProjectConfigurationPlatforms) = postSolution
		{00AD9732-44AD-4C1D-BA5F-B8FEB957A35A}.Debug|Any CPU.ActiveCfg = Debug|Any CPU
		{00AD9732-44AD-4C1D-BA5F-B8FEB957A35A}.Debug|Any CPU.Build.0 = Debug|Any CPU
		{00AD9732-44AD-4C1D-BA5F-B8FEB957A35A}.Release|Any CPU.ActiveCfg = Release|Any CPU
		{00AD9732-44AD-4C1D-BA5F-B8FEB957A35A}.Release|Any CPU.Build.0 = Release|Any CPU
	EndGlobalSection
EndGlobal
